# This file was autogenerated by Stack.
# You should not edit this file by hand.
# For more information, please see the documentation at:
#   https://docs.haskellstack.org/en/stable/lock_files

packages:
- completed:
    name: simple-cairo
    version: 0.1.0.0
    git: https://github.com/YoshikuniJujo/simple-cairo
    pantry-tree:
      size: 5014
      sha256: 1c05eb3cbd6065936b43a2371a17ec2213cc49a70b8627ab203334023d74b407
    commit: 3a0890979bfd6132adb873403df2eb5926ea08c7
  original:
    git: https://github.com/YoshikuniJujo/simple-cairo
    commit: 3a0890979bfd6132adb873403df2eb5926ea08c7
- completed:
    name: cairo-image
    version: 0.1.0.0
    git: https://github.com/YoshikuniJujo/cairo-image
    pantry-tree:
      size: 887
      sha256: 46d3b277fcd23a824bc7d035f7288a16db7a211cef6fa858e85c24f079d1cf8a
    commit: 905c6bf5edf2cee7be806ac5112f53d54012d5ce
  original:
    git: https://github.com/YoshikuniJujo/cairo-image
    commit: 905c6bf5edf2cee7be806ac5112f53d54012d5ce
- completed:
    name: glib-stopgap
    version: 0.1.0.0
    git: https://github.com/YoshikuniJujo/glib-stopgap
    pantry-tree:
      size: 1273
      sha256: c5f5ebe1aa61232c3fc8b6f2fc30e13d4f9195e289de7754d15edc1d8826ab1e
    commit: bdf7631858e7037d7410b4e8fde305d741c6acaa
  original:
    git: https://github.com/YoshikuniJujo/glib-stopgap
    commit: bdf7631858e7037d7410b4e8fde305d741c6acaa
snapshots:
- completed:
    size: 587126
    url: https://raw.githubusercontent.com/commercialhaskell/stackage-snapshots/master/lts/18/8.yaml
    sha256: 93a107557e8691ed5ca17beaee41e68222b142c48868fc8c04a4181fb233477d
  original:
    url: https://raw.githubusercontent.com/commercialhaskell/stackage-snapshots/master/lts/18/8.yaml
